
Microsoft Visual Studio Solution File, Format Version 12.00
# Visual Studio Version 16
VisualStudioVersion = 16.0.33423.256
MinimumVisualStudioVersion = 10.0.40219.1
Project("{FAE04EC0-301F-11D3-BF4B-00C04F79EFBC}") = "Ex05.GameUI", "Ex05.GameUI\Ex05.GameUI.csproj", "{01C5C63B-CD1E-4BB7-B2A7-5F955E73DA63}"
EndProject
Project("{FAE04EC0-301F-11D3-BF4B-00C04F79EFBC}") = "Ex05.GameLogic", "Ex05.GameLogic\Ex05.GameLogic.csproj", "{F04BBE85-E6A3-4E42-B2B6-EF3415B51896}"
EndProject
Global
	GlobalSection(SolutionConfigurationPlatforms) = preSolution
		Debug|Any CPU = Debug|Any CPU
		Release|Any CPU = Release|Any CPU
	EndGlobalSection
	GlobalSection(ProjectConfigurationPlatforms) = postSolution
		{01C5C63B-CD1E-4BB7-B2A7-5F955E73DA63}.Debug|Any CPU.ActiveCfg = Debug|Any CPU
		{01C5C63B-CD1E-4BB7-B2A7-5F955E73DA63}.Debug|Any CPU.Build.0 = Debug|Any CPU
		{01C5C63B-CD1E-4BB7-B2A7-5F955E73DA63}.Release|Any CPU.ActiveCfg = Release|Any CPU
		{01C5C63B-CD1E-4BB7-B2A7-5F955E73DA63}.Release|Any CPU.Build.0 = Release|Any CPU
		{F04BBE85-E6A3-4E42-B2B6-EF3415B51896}.Debug|Any CPU.ActiveCfg = Debug|Any CPU
		{F04BBE85-E6A3-4E42-B2B6-EF3415B51896}.Debug|Any CPU.Build.0 = Debug|Any CPU
		{F04BBE85-E6A3-4E42-B2B6-EF3415B51896}.Release|Any CPU.ActiveCfg = Release|Any CPU
		{F04BBE85-E6A3-4E42-B2B6-EF3415B51896}.Release|Any CPU.Build.0 = Release|Any CPU
	EndGlobalSection
	GlobalSection(SolutionProperties) = preSolution
		HideSolutionNode = FALSE
	EndGlobalSection
	GlobalSection(ExtensibilityGlobals) = postSolution
		SolutionGuid = {8EA1F674-6ABC-4809-A866-4D85F3C590E7}
	EndGlobalSection
EndGlobal
